
Microsoft Visual Studio Solution File, Format Version 12.00
# Visual Studio 15
VisualStudioVersion = 15.0.27004.2009
MinimumVisualStudioVersion = 10.0.40219.1
Project("{2150E333-8FDC-42A3-9474-1A3956D46DE8}") = "B1", "B1", "{81599F90-121B-4C1D-9F32-653A29324B29}"
EndProject
Project("{2150E333-8FDC-42A3-9474-1A3956D46DE8}") = "B2", "B2", "{CF175D1E-512F-49F7-AD8B-FE889ED30E31}"
EndProject
Project("{2150E333-8FDC-42A3-9474-1A3956D46DE8}") = "B3", "B3", "{2F420E09-4334-43A2-BECF-B3335655DCE5}"
EndProject
Project("{2150E333-8FDC-42A3-9474-1A3956D46DE8}") = "B4", "B4", "{6C8CE730-3062-4B05-8D24-CA3CC76CB68E}"
EndProject
Project("{9A19103F-16F7-4668-BE54-9A1E7A4F7556}") = "CircleLibrary", "CircleLibrary\CircleLibrary.csproj", "{0C649145-98DD-4A78-BDAA-C02AE60F9F0C}"
EndProject
Project("{FAE04EC0-301F-11D3-BF4B-00C04F79EFBC}") = "CircleApp", "CircleApp\CircleApp.csproj", "{24DF3CB7-70B2-4426-B538-A7CA44070CC7}"
EndProject
Project("{FAE04EC0-301F-11D3-BF4B-00C04F79EFBC}") = "PersonAuto", "PersonAuto\PersonAuto.csproj", "{B1C30AD4-BC96-4707-99E3-AAD6ABEF393C}"
EndProject
Project("{FAE04EC0-301F-11D3-BF4B-00C04F79EFBC}") = "Übungsaufgabe", "Übungsaufgabe\Übungsaufgabe.csproj", "{A0E65B5D-0783-4208-9C07-814C631A5528}"
EndProject
Project("{FAE04EC0-301F-11D3-BF4B-00C04F79EFBC}") = "productCatalogWpf", "WpfApp1\productCatalogWpf.csproj", "{96723839-A7BB-4809-AF77-F13AD3D46EAA}"
EndProject
Project("{FAE04EC0-301F-11D3-BF4B-00C04F79EFBC}") = "WT", "WT\WT.csproj", "{27A11E52-81F0-4E72-9DE9-7E1AFF7329F8}"
EndProject
Project("{FAE04EC0-301F-11D3-BF4B-00C04F79EFBC}") = "Exceptions", "Exceptions\Exceptions.csproj", "{A4223777-BABC-42A0-BCF4-0ECBC14613C8}"
EndProject
Project("{FAE04EC0-301F-11D3-BF4B-00C04F79EFBC}") = "Exceptions.Circle", "Exceptions.Circle\Exceptions.Circle.csproj", "{CAEF93AE-AE0D-46BB-976C-F70D52658341}"
EndProject
Project("{FAE04EC0-301F-11D3-BF4B-00C04F79EFBC}") = "Exceptions.File", "Exceptions.File\Exceptions.File.csproj", "{2A1880F5-1A29-434C-98CD-1D0F4BCBB06B}"
EndProject
Project("{FAE04EC0-301F-11D3-BF4B-00C04F79EFBC}") = "StaticClasses", "StaticClasses\StaticClasses.csproj", "{769B32BA-414D-4DDF-93BA-ECDF77E1B389}"
EndProject
Project("{FAE04EC0-301F-11D3-BF4B-00C04F79EFBC}") = "GeometricFigures", "GeometricFigures\GeometricFigures.csproj", "{034C88D5-2DFD-43AD-9FDF-8A9C2DE14B72}"
EndProject
Project("{2150E333-8FDC-42A3-9474-1A3956D46DE8}") = "B5", "B5", "{CA71804D-743F-4CD5-8219-974EB8F47BFD}"
EndProject
Project("{FAE04EC0-301F-11D3-BF4B-00C04F79EFBC}") = "EMailSequenzDiagramm", "EMailSequenzDiagramm\EMailSequenzDiagramm.csproj", "{A14DE204-E1D3-4406-8B4F-352272A42F00}"
EndProject
Project("{FAE04EC0-301F-11D3-BF4B-00C04F79EFBC}") = "HA-Bandverwaltung", "HA\HA-Bandverwaltung.csproj", "{9A7E33BB-30C5-41B8-BDE0-6CA07778AD37}"
EndProject
Project("{FAE04EC0-301F-11D3-BF4B-00C04F79EFBC}") = "Flugzeugaufgabe", "Flugzeugaufgabe\Flugzeugaufgabe.csproj", "{DAD3B588-A3B2-4A17-BBF2-570B24F80C3D}"
EndProject
Project("{FAE04EC0-301F-11D3-BF4B-00C04F79EFBC}") = "HA_Luftfahrzeug", "HA_Luftfahrzeug\HA_Luftfahrzeug.csproj", "{F54AA47A-E8A8-4E61-AA5A-043466ABBD84}"
EndProject
Project("{FAE04EC0-301F-11D3-BF4B-00C04F79EFBC}") = "Interfaces.Comparable", "Interfaces.Comparable\Interfaces.Comparable.csproj", "{8A38FA2E-6400-49D6-9674-173FBA18CD63}"
EndProject
Project("{FAE04EC0-301F-11D3-BF4B-00C04F79EFBC}") = "KontoUnitTest", "KontoUnitTest\KontoUnitTest.csproj", "{E1B830A8-C875-43C7-97B9-CFC1B9CFE7E1}"
EndProject
Project("{FAE04EC0-301F-11D3-BF4B-00C04F79EFBC}") = "E04.Vererbung.Konto", "E04.Vererbung.Konto\E04.Vererbung.Konto.csproj", "{0F50D967-DA33-4DAE-95D9-086A45868473}"
EndProject
Project("{FAE04EC0-301F-11D3-BF4B-00C04F79EFBC}") = "Enumerationen", "Enumerationen\Enumerationen.csproj", "{34D30393-E644-47D3-91EA-DC94579CD26E}"
EndProject
Project("{FAE04EC0-301F-11D3-BF4B-00C04F79EFBC}") = "Notendurchschnitt", "Notendurchschnitt\Notendurchschnitt.csproj", "{94AEB06D-C535-4C57-B9C7-EFFCCF8DF58A}"
EndProject
Global
	GlobalSection(SolutionConfigurationPlatforms) = preSolution
		Debug|Any CPU = Debug|Any CPU
		Release|Any CPU = Release|Any CPU
	EndGlobalSection
	GlobalSection(ProjectConfigurationPlatforms) = postSolution
		{0C649145-98DD-4A78-BDAA-C02AE60F9F0C}.Debug|Any CPU.ActiveCfg = Debug|Any CPU
		{0C649145-98DD-4A78-BDAA-C02AE60F9F0C}.Debug|Any CPU.Build.0 = Debug|Any CPU
		{0C649145-98DD-4A78-BDAA-C02AE60F9F0C}.Release|Any CPU.ActiveCfg = Release|Any CPU
		{0C649145-98DD-4A78-BDAA-C02AE60F9F0C}.Release|Any CPU.Build.0 = Release|Any CPU
		{24DF3CB7-70B2-4426-B538-A7CA44070CC7}.Debug|Any CPU.ActiveCfg = Debug|Any CPU
		{24DF3CB7-70B2-4426-B538-A7CA44070CC7}.Debug|Any CPU.Build.0 = Debug|Any CPU
		{24DF3CB7-70B2-4426-B538-A7CA44070CC7}.Release|Any CPU.ActiveCfg = Release|Any CPU
		{24DF3CB7-70B2-4426-B538-A7CA44070CC7}.Release|Any CPU.Build.0 = Release|Any CPU
		{B1C30AD4-BC96-4707-99E3-AAD6ABEF393C}.Debug|Any CPU.ActiveCfg = Debug|Any CPU
		{B1C30AD4-BC96-4707-99E3-AAD6ABEF393C}.Debug|Any CPU.Build.0 = Debug|Any CPU
		{B1C30AD4-BC96-4707-99E3-AAD6ABEF393C}.Release|Any CPU.ActiveCfg = Release|Any CPU
		{B1C30AD4-BC96-4707-99E3-AAD6ABEF393C}.Release|Any CPU.Build.0 = Release|Any CPU
		{A0E65B5D-0783-4208-9C07-814C631A5528}.Debug|Any CPU.ActiveCfg = Debug|Any CPU
		{A0E65B5D-0783-4208-9C07-814C631A5528}.Debug|Any CPU.Build.0 = Debug|Any CPU
		{A0E65B5D-0783-4208-9C07-814C631A5528}.Release|Any CPU.ActiveCfg = Release|Any CPU
		{A0E65B5D-0783-4208-9C07-814C631A5528}.Release|Any CPU.Build.0 = Release|Any CPU
		{96723839-A7BB-4809-AF77-F13AD3D46EAA}.Debug|Any CPU.ActiveCfg = Debug|Any CPU
		{96723839-A7BB-4809-AF77-F13AD3D46EAA}.Debug|Any CPU.Build.0 = Debug|Any CPU
		{96723839-A7BB-4809-AF77-F13AD3D46EAA}.Release|Any CPU.ActiveCfg = Release|Any CPU
		{96723839-A7BB-4809-AF77-F13AD3D46EAA}.Release|Any CPU.Build.0 = Release|Any CPU
		{27A11E52-81F0-4E72-9DE9-7E1AFF7329F8}.Debug|Any CPU.ActiveCfg = Debug|Any CPU
		{27A11E52-81F0-4E72-9DE9-7E1AFF7329F8}.Debug|Any CPU.Build.0 = Debug|Any CPU
		{27A11E52-81F0-4E72-9DE9-7E1AFF7329F8}.Release|Any CPU.ActiveCfg = Release|Any CPU
		{27A11E52-81F0-4E72-9DE9-7E1AFF7329F8}.Release|Any CPU.Build.0 = Release|Any CPU
		{A4223777-BABC-42A0-BCF4-0ECBC14613C8}.Debug|Any CPU.ActiveCfg = Debug|Any CPU
		{A4223777-BABC-42A0-BCF4-0ECBC14613C8}.Debug|Any CPU.Build.0 = Debug|Any CPU
		{A4223777-BABC-42A0-BCF4-0ECBC14613C8}.Release|Any CPU.ActiveCfg = Release|Any CPU
		{A4223777-BABC-42A0-BCF4-0ECBC14613C8}.Release|Any CPU.Build.0 = Release|Any CPU
		{CAEF93AE-AE0D-46BB-976C-F70D52658341}.Debug|Any CPU.ActiveCfg = Debug|Any CPU
		{CAEF93AE-AE0D-46BB-976C-F70D52658341}.Debug|Any CPU.Build.0 = Debug|Any CPU
		{CAEF93AE-AE0D-46BB-976C-F70D52658341}.Release|Any CPU.ActiveCfg = Release|Any CPU
		{CAEF93AE-AE0D-46BB-976C-F70D52658341}.Release|Any CPU.Build.0 = Release|Any CPU
		{2A1880F5-1A29-434C-98CD-1D0F4BCBB06B}.Debug|Any CPU.ActiveCfg = Debug|Any CPU
		{2A1880F5-1A29-434C-98CD-1D0F4BCBB06B}.Debug|Any CPU.Build.0 = Debug|Any CPU
		{2A1880F5-1A29-434C-98CD-1D0F4BCBB06B}.Release|Any CPU.ActiveCfg = Release|Any CPU
		{2A1880F5-1A29-434C-98CD-1D0F4BCBB06B}.Release|Any CPU.Build.0 = Release|Any CPU
		{769B32BA-414D-4DDF-93BA-ECDF77E1B389}.Debug|Any CPU.ActiveCfg = Debug|Any CPU
		{769B32BA-414D-4DDF-93BA-ECDF77E1B389}.Debug|Any CPU.Build.0 = Debug|Any CPU
		{769B32BA-414D-4DDF-93BA-ECDF77E1B389}.Release|Any CPU.ActiveCfg = Release|Any CPU
		{769B32BA-414D-4DDF-93BA-ECDF77E1B389}.Release|Any CPU.Build.0 = Release|Any CPU
		{034C88D5-2DFD-43AD-9FDF-8A9C2DE14B72}.Debug|Any CPU.ActiveCfg = Debug|Any CPU
		{034C88D5-2DFD-43AD-9FDF-8A9C2DE14B72}.Debug|Any CPU.Build.0 = Debug|Any CPU
		{034C88D5-2DFD-43AD-9FDF-8A9C2DE14B72}.Release|Any CPU.ActiveCfg = Release|Any CPU
		{034C88D5-2DFD-43AD-9FDF-8A9C2DE14B72}.Release|Any CPU.Build.0 = Release|Any CPU
		{A14DE204-E1D3-4406-8B4F-352272A42F00}.Debug|Any CPU.ActiveCfg = Debug|Any CPU
		{A14DE204-E1D3-4406-8B4F-352272A42F00}.Debug|Any CPU.Build.0 = Debug|Any CPU
		{A14DE204-E1D3-4406-8B4F-352272A42F00}.Release|Any CPU.ActiveCfg = Release|Any CPU
		{A14DE204-E1D3-4406-8B4F-352272A42F00}.Release|Any CPU.Build.0 = Release|Any CPU
		{9A7E33BB-30C5-41B8-BDE0-6CA07778AD37}.Debug|Any CPU.ActiveCfg = Debug|Any CPU
		{9A7E33BB-30C5-41B8-BDE0-6CA07778AD37}.Debug|Any CPU.Build.0 = Debug|Any CPU
		{9A7E33BB-30C5-41B8-BDE0-6CA07778AD37}.Release|Any CPU.ActiveCfg = Release|Any CPU
		{9A7E33BB-30C5-41B8-BDE0-6CA07778AD37}.Release|Any CPU.Build.0 = Release|Any CPU
		{DAD3B588-A3B2-4A17-BBF2-570B24F80C3D}.Debug|Any CPU.ActiveCfg = Debug|Any CPU
		{DAD3B588-A3B2-4A17-BBF2-570B24F80C3D}.Debug|Any CPU.Build.0 = Debug|Any CPU
		{DAD3B588-A3B2-4A17-BBF2-570B24F80C3D}.Release|Any CPU.ActiveCfg = Release|Any CPU
		{DAD3B588-A3B2-4A17-BBF2-570B24F80C3D}.Release|Any CPU.Build.0 = Release|Any CPU
		{F54AA47A-E8A8-4E61-AA5A-043466ABBD84}.Debug|Any CPU.ActiveCfg = Debug|Any CPU
		{F54AA47A-E8A8-4E61-AA5A-043466ABBD84}.Debug|Any CPU.Build.0 = Debug|Any CPU
		{F54AA47A-E8A8-4E61-AA5A-043466ABBD84}.Release|Any CPU.ActiveCfg = Release|Any CPU
		{F54AA47A-E8A8-4E61-AA5A-043466ABBD84}.Release|Any CPU.Build.0 = Release|Any CPU
		{8A38FA2E-6400-49D6-9674-173FBA18CD63}.Debug|Any CPU.ActiveCfg = Debug|Any CPU
		{8A38FA2E-6400-49D6-9674-173FBA18CD63}.Debug|Any CPU.Build.0 = Debug|Any CPU
		{8A38FA2E-6400-49D6-9674-173FBA18CD63}.Release|Any CPU.ActiveCfg = Release|Any CPU
		{8A38FA2E-6400-49D6-9674-173FBA18CD63}.Release|Any CPU.Build.0 = Release|Any CPU
		{E1B830A8-C875-43C7-97B9-CFC1B9CFE7E1}.Debug|Any CPU.ActiveCfg = Debug|Any CPU
		{E1B830A8-C875-43C7-97B9-CFC1B9CFE7E1}.Debug|Any CPU.Build.0 = Debug|Any CPU
		{E1B830A8-C875-43C7-97B9-CFC1B9CFE7E1}.Release|Any CPU.ActiveCfg = Release|Any CPU
		{E1B830A8-C875-43C7-97B9-CFC1B9CFE7E1}.Release|Any CPU.Build.0 = Release|Any CPU
		{0F50D967-DA33-4DAE-95D9-086A45868473}.Debug|Any CPU.ActiveCfg = Debug|Any CPU
		{0F50D967-DA33-4DAE-95D9-086A45868473}.Debug|Any CPU.Build.0 = Debug|Any CPU
		{0F50D967-DA33-4DAE-95D9-086A45868473}.Release|Any CPU.ActiveCfg = Release|Any CPU
		{0F50D967-DA33-4DAE-95D9-086A45868473}.Release|Any CPU.Build.0 = Release|Any CPU
		{34D30393-E644-47D3-91EA-DC94579CD26E}.Debug|Any CPU.ActiveCfg = Debug|Any CPU
		{34D30393-E644-47D3-91EA-DC94579CD26E}.Debug|Any CPU.Build.0 = Debug|Any CPU
		{34D30393-E644-47D3-91EA-DC94579CD26E}.Release|Any CPU.ActiveCfg = Release|Any CPU
		{34D30393-E644-47D3-91EA-DC94579CD26E}.Release|Any CPU.Build.0 = Release|Any CPU
		{94AEB06D-C535-4C57-B9C7-EFFCCF8DF58A}.Debug|Any CPU.ActiveCfg = Debug|Any CPU
		{94AEB06D-C535-4C57-B9C7-EFFCCF8DF58A}.Debug|Any CPU.Build.0 = Debug|Any CPU
		{94AEB06D-C535-4C57-B9C7-EFFCCF8DF58A}.Release|Any CPU.ActiveCfg = Release|Any CPU
		{94AEB06D-C535-4C57-B9C7-EFFCCF8DF58A}.Release|Any CPU.Build.0 = Release|Any CPU
	EndGlobalSection
	GlobalSection(SolutionProperties) = preSolution
		HideSolutionNode = FALSE
	EndGlobalSection
	GlobalSection(NestedProjects) = preSolution
		{0C649145-98DD-4A78-BDAA-C02AE60F9F0C} = {81599F90-121B-4C1D-9F32-653A29324B29}
		{24DF3CB7-70B2-4426-B538-A7CA44070CC7} = {81599F90-121B-4C1D-9F32-653A29324B29}
		{B1C30AD4-BC96-4707-99E3-AAD6ABEF393C} = {CF175D1E-512F-49F7-AD8B-FE889ED30E31}
		{A0E65B5D-0783-4208-9C07-814C631A5528} = {CF175D1E-512F-49F7-AD8B-FE889ED30E31}
		{96723839-A7BB-4809-AF77-F13AD3D46EAA} = {CF175D1E-512F-49F7-AD8B-FE889ED30E31}
		{27A11E52-81F0-4E72-9DE9-7E1AFF7329F8} = {CF175D1E-512F-49F7-AD8B-FE889ED30E31}
		{A4223777-BABC-42A0-BCF4-0ECBC14613C8} = {2F420E09-4334-43A2-BECF-B3335655DCE5}
		{CAEF93AE-AE0D-46BB-976C-F70D52658341} = {2F420E09-4334-43A2-BECF-B3335655DCE5}
		{2A1880F5-1A29-434C-98CD-1D0F4BCBB06B} = {2F420E09-4334-43A2-BECF-B3335655DCE5}
		{769B32BA-414D-4DDF-93BA-ECDF77E1B389} = {81599F90-121B-4C1D-9F32-653A29324B29}
		{034C88D5-2DFD-43AD-9FDF-8A9C2DE14B72} = {6C8CE730-3062-4B05-8D24-CA3CC76CB68E}
		{A14DE204-E1D3-4406-8B4F-352272A42F00} = {CA71804D-743F-4CD5-8219-974EB8F47BFD}
		{9A7E33BB-30C5-41B8-BDE0-6CA07778AD37} = {CA71804D-743F-4CD5-8219-974EB8F47BFD}
		{DAD3B588-A3B2-4A17-BBF2-570B24F80C3D} = {CA71804D-743F-4CD5-8219-974EB8F47BFD}
		{F54AA47A-E8A8-4E61-AA5A-043466ABBD84} = {CA71804D-743F-4CD5-8219-974EB8F47BFD}
		{8A38FA2E-6400-49D6-9674-173FBA18CD63} = {81599F90-121B-4C1D-9F32-653A29324B29}
		{E1B830A8-C875-43C7-97B9-CFC1B9CFE7E1} = {2F420E09-4334-43A2-BECF-B3335655DCE5}
		{0F50D967-DA33-4DAE-95D9-086A45868473} = {81599F90-121B-4C1D-9F32-653A29324B29}
		{34D30393-E644-47D3-91EA-DC94579CD26E} = {6C8CE730-3062-4B05-8D24-CA3CC76CB68E}
		{94AEB06D-C535-4C57-B9C7-EFFCCF8DF58A} = {CA71804D-743F-4CD5-8219-974EB8F47BFD}
	EndGlobalSection
	GlobalSection(ExtensibilityGlobals) = postSolution
		SolutionGuid = {54B49DAA-913B-437B-9314-FB99A8EEF733}
	EndGlobalSection
EndGlobal
